
Microsoft Visual Studio Solution File, Format Version 12.00
# Visual Studio Version 16
VisualStudioVersion = 16.0.28803.352
MinimumVisualStudioVersion = 10.0.40219.1
Project("{FAE04EC0-301F-11D3-BF4B-00C04F79EFBC}") = "Lesson13_Homework_Task3_", "ConsoleApp1\Lesson13_Homework_Task3_.csproj", "{E4BC12D6-C49E-4B43-A8D5-9BEAFECF8BE4}"
EndProject
Project("{FAE04EC0-301F-11D3-BF4B-00C04F79EFBC}") = "Lesson13_Homework_Task1_", "Lesson13_Homework_Task1_\Lesson13_Homework_Task1_.csproj", "{0AE5EA9A-0AEF-4633-8767-8291E808CB99}"
EndProject
Project("{FAE04EC0-301F-11D3-BF4B-00C04F79EFBC}") = "Lesson13_Homework_Task4", "Lesson13_Homework_Task4\Lesson13_Homework_Task4.csproj", "{7B8F672F-E4C3-404B-A912-1BECD39F9602}"
EndProject
Project("{FAE04EC0-301F-11D3-BF4B-00C04F79EFBC}") = "Lesson13_Homework_Task5", "Lesson13_Homework_Task5\Lesson13_Homework_Task5.csproj", "{BD0C9978-06DA-49E2-B296-4437218BDBC3}"
EndProject
Global
	GlobalSection(SolutionConfigurationPlatforms) = preSolution
		Debug|Any CPU = Debug|Any CPU
		Release|Any CPU = Release|Any CPU
	EndGlobalSection
	GlobalSection(ProjectConfigurationPlatforms) = postSolution
		{E4BC12D6-C49E-4B43-A8D5-9BEAFECF8BE4}.Debug|Any CPU.ActiveCfg = Debug|Any CPU
		{E4BC12D6-C49E-4B43-A8D5-9BEAFECF8BE4}.Debug|Any CPU.Build.0 = Debug|Any CPU
		{E4BC12D6-C49E-4B43-A8D5-9BEAFECF8BE4}.Release|Any CPU.ActiveCfg = Release|Any CPU
		{E4BC12D6-C49E-4B43-A8D5-9BEAFECF8BE4}.Release|Any CPU.Build.0 = Release|Any CPU
		{0AE5EA9A-0AEF-4633-8767-8291E808CB99}.Debug|Any CPU.ActiveCfg = Debug|Any CPU
		{0AE5EA9A-0AEF-4633-8767-8291E808CB99}.Debug|Any CPU.Build.0 = Debug|Any CPU
		{0AE5EA9A-0AEF-4633-8767-8291E808CB99}.Release|Any CPU.ActiveCfg = Release|Any CPU
		{0AE5EA9A-0AEF-4633-8767-8291E808CB99}.Release|Any CPU.Build.0 = Release|Any CPU
		{7B8F672F-E4C3-404B-A912-1BECD39F9602}.Debug|Any CPU.ActiveCfg = Debug|Any CPU
		{7B8F672F-E4C3-404B-A912-1BECD39F9602}.Debug|Any CPU.Build.0 = Debug|Any CPU
		{7B8F672F-E4C3-404B-A912-1BECD39F9602}.Release|Any CPU.ActiveCfg = Release|Any CPU
		{7B8F672F-E4C3-404B-A912-1BECD39F9602}.Release|Any CPU.Build.0 = Release|Any CPU
		{BD0C9978-06DA-49E2-B296-4437218BDBC3}.Debug|Any CPU.ActiveCfg = Debug|Any CPU
		{BD0C9978-06DA-49E2-B296-4437218BDBC3}.Debug|Any CPU.Build.0 = Debug|Any CPU
		{BD0C9978-06DA-49E2-B296-4437218BDBC3}.Release|Any CPU.ActiveCfg = Release|Any CPU
		{BD0C9978-06DA-49E2-B296-4437218BDBC3}.Release|Any CPU.Build.0 = Release|Any CPU
	EndGlobalSection
	GlobalSection(SolutionProperties) = preSolution
		HideSolutionNode = FALSE
	EndGlobalSection
	GlobalSection(ExtensibilityGlobals) = postSolution
		SolutionGuid = {1626F9FE-52AA-478F-94FB-DD3D2CDC23BF}
	EndGlobalSection
EndGlobal
